<?xml version="1.0" encoding="utf-8"?>
<Project ToolsVersion="4.0" xmlns="http://schemas.microsoft.com/developer/msbuild/2003">
  <ItemGroup>
    <Filter Include="Исходные файлы">
      <UniqueIdentifier>{4FC737F1-C7A5-4376-A066-2A32D752A2FF}</UniqueIdentifier>
      <Extensions>cpp;c;cc;cxx;c++;cppm;ixx;def;odl;idl;hpj;bat;asm;asmx</Extensions>
    </Filter>
    <Filter Include="Файлы заголовков">
      <UniqueIdentifier>{93995380-89BD-4b04-88EB-625FBE52EBFB}</UniqueIdentifier>
      <Extensions>h;hh;hpp;hxx;h++;hm;inl;inc;ipp;xsd</Extensions>
    </Filter>
    <Filter Include="Файлы ресурсов">
      <UniqueIdentifier>{67DA6AB6-F800-4c08-8B7A-83BB121AAD01}</UniqueIdentifier>
      <Extensions>rc;ico;cur;bmp;dlg;rc2;rct;bin;rgs;gif;jpg;jpeg;jpe;resx;tiff;tif;png;wav;mfcribbon-ms</Extensions>
    </Filter>
  </ItemGroup>
  <ItemGroup>
    <ClCompile Include="main.cpp">
      <Filter>Исходные файлы</Filter>
    </ClCompile>
    <ClCompile Include="Character.cpp">
      <Filter>Исходные файлы</Filter>
    </ClCompile>
    <ClCompile Include="Pumba.cpp">
      <Filter>Исходные файлы</Filter>
    </ClCompile>
    <ClCompile Include="Timon.cpp">
      <Filter>Исходные файлы</Filter>
    </ClCompile>
    <ClCompile Include="Map.cpp">
      <Filter>Исходные файлы</Filter>
    </ClCompile>
    <ClCompile Include="Enemyporcuine.cpp">
      <Filter>Исходные файлы</Filter>
    </ClCompile>
    <ClCompile Include="LifeDisplay.cpp">
      <Filter>Исходные файлы</Filter>
    </ClCompile>
    <ClCompile Include="Game.cpp">
      <Filter>Исходные файлы</Filter>
    </ClCompile>
    <ClCompile Include="EnemyHyena.cpp">
      <Filter>Исходные файлы</Filter>
    </ClCompile>
    <ClCompile Include="Bug.cpp">
      <Filter>Исходные файлы</Filter>
    </ClCompile>
    <ClCompile Include="ScoreDisplay.cpp">
      <Filter>Исходные файлы</Filter>
    </ClCompile>
    <ClCompile Include="Menu.cpp">
      <Filter>Исходные файлы</Filter>
    </ClCompile>
  </ItemGroup>
  <ItemGroup>
    <None Include="openal32.dll" />
    <None Include="sfml-audio-2.dll" />
    <None Include="sfml-audio-d-2.dll" />
    <None Include="sfml-graphics-2.dll" />
    <None Include="sfml-graphics-d-2.dll" />
    <None Include="sfml-network-2.dll" />
    <None Include="sfml-network-d-2.dll" />
    <None Include="sfml-system-2.dll" />
    <None Include="sfml-system-d-2.dll" />
    <None Include="sfml-window-2.dll" />
    <None Include="sfml-window-d-2.dll" />
    <None Include="..\..\..\Videos\Рабочий стол\mario\Jump.ogg">
      <Filter>Файлы ресурсов</Filter>
    </None>
    <None Include="..\..\..\Videos\Рабочий стол\mario\Mario_Theme.ogg">
      <Filter>Файлы ресурсов</Filter>
    </None>
    <None Include="..\..\..\Videos\Рабочий стол\mario\libsndfile-1.dll">
      <Filter>Файлы ресурсов</Filter>
    </None>
    <None Include="..\..\..\Videos\Рабочий стол\mario\openal32.dll">
      <Filter>Файлы ресурсов</Filter>
    </None>
    <None Include="song_die.ogg">
      <Filter>Файлы ресурсов</Filter>
    </None>
    <None Include="song_for_menu.ogg">
      <Filter>Файлы ресурсов</Filter>
    </None>
    <None Include="song_for_score.ogg">
      <Filter>Файлы ресурсов</Filter>
    </None>
    <None Include="song_for1level.ogg">
      <Filter>Файлы ресурсов</Filter>
    </None>
    <None Include="song_for2level.ogg">
      <Filter>Файлы ресурсов</Filter>
    </None>
    <None Include="song_hit.ogg">
      <Filter>Файлы ресурсов</Filter>
    </None>
    <None Include="song_win.ogg">
      <Filter>Файлы ресурсов</Filter>
    </None>
    <None Include="song_hyena.ogg">
      <Filter>Файлы ресурсов</Filter>
    </None>
  </ItemGroup>
  <ItemGroup>
    <Image Include="bug.gif">
      <Filter>Файлы ресурсов</Filter>
    </Image>
    <Image Include="hyena.png">
      <Filter>Файлы ресурсов</Filter>
    </Image>
    <Image Include="pumbafinish.png">
      <Filter>Файлы ресурсов</Filter>
    </Image>
    <Image Include="timonfinish.png">
      <Filter>Файлы ресурсов</Filter>
    </Image>
    <Image Include="green_block.png">
      <Filter>Файлы ресурсов</Filter>
    </Image>
    <Image Include="porcuine-finish.png">
      <Filter>Файлы ресурсов</Filter>
    </Image>
    <Image Include="heart_icon.png">
      <Filter>Файлы ресурсов</Filter>
    </Image>
    <Image Include="pumba_icon_finish.png">
      <Filter>Файлы ресурсов</Filter>
    </Image>
    <Image Include="timon_icon_finish.png">
      <Filter>Файлы ресурсов</Filter>
    </Image>
    <Image Include="block_sponge.jpg">
      <Filter>Файлы ресурсов</Filter>
    </Image>
    <Image Include="block_stone.png">
      <Filter>Файлы ресурсов</Filter>
    </Image>
    <Image Include="bug.png">
      <Filter>Файлы ресурсов</Filter>
    </Image>
    <Image Include="menubackground.jpg">
      <Filter>Файлы ресурсов</Filter>
    </Image>
    <Image Include="cavef.png">
      <Filter>Файлы ресурсов</Filter>
    </Image>
    <Image Include="background2.jpg">
      <Filter>Файлы ресурсов</Filter>
    </Image>
    <Image Include="background1.jpg">
      <Filter>Файлы ресурсов</Filter>
    </Image>
  </ItemGroup>
  <ItemGroup>
    <ClInclude Include="Character.h">
      <Filter>Файлы заголовков</Filter>
    </ClInclude>
    <ClInclude Include="Map.h">
      <Filter>Файлы заголовков</Filter>
    </ClInclude>
    <ClInclude Include="Pumba.h">
      <Filter>Файлы заголовков</Filter>
    </ClInclude>
    <ClInclude Include="Timon.h">
      <Filter>Файлы заголовков</Filter>
    </ClInclude>
    <ClInclude Include="Enemyporcupine.h">
      <Filter>Файлы заголовков</Filter>
    </ClInclude>
    <ClInclude Include="LifeDisplay.h">
      <Filter>Файлы заголовков</Filter>
    </ClInclude>
    <ClInclude Include="Game.h">
      <Filter>Файлы заголовков</Filter>
    </ClInclude>
    <ClInclude Include="EnemyHyena.h">
      <Filter>Файлы заголовков</Filter>
    </ClInclude>
    <ClInclude Include="Bug.h">
      <Filter>Файлы заголовков</Filter>
    </ClInclude>
    <ClInclude Include="ScoreDisplay.h">
      <Filter>Файлы заголовков</Filter>
    </ClInclude>
    <ClInclude Include="Menu.h">
      <Filter>Файлы заголовков</Filter>
    </ClInclude>
  </ItemGroup>
  <ItemGroup>
    <Font Include="alphabet.otf">
      <Filter>Файлы ресурсов</Filter>
    </Font>
  </ItemGroup>
  <ItemGroup>
    <Text Include="map.txt">
      <Filter>Файлы ресурсов</Filter>
    </Text>
    <Text Include="map1.txt">
      <Filter>Файлы ресурсов</Filter>
    </Text>
    <Text Include="map2.txt">
      <Filter>Файлы ресурсов</Filter>
    </Text>
    <Text Include="rules.txt">
      <Filter>Файлы ресурсов</Filter>
    </Text>
  </ItemGroup>
  <ItemGroup>
    <Media Include="song_die.mp3">
      <Filter>Файлы ресурсов</Filter>
    </Media>
    <Media Include="song_for_menu.mp3">
      <Filter>Файлы ресурсов</Filter>
    </Media>
    <Media Include="song_for_score.mp3">
      <Filter>Файлы ресурсов</Filter>
    </Media>
    <Media Include="song_for1level.mp3">
      <Filter>Файлы ресурсов</Filter>
    </Media>
    <Media Include="song_for2level.mp3">
      <Filter>Файлы ресурсов</Filter>
    </Media>
    <Media Include="song_hit.mp3">
      <Filter>Файлы ресурсов</Filter>
    </Media>
    <Media Include="song_win.mp3">
      <Filter>Файлы ресурсов</Filter>
    </Media>
  </ItemGroup>
</Project>